# This file was autogenerated by Stack.
# You should not edit this file by hand.
# For more information, please see the documentation at:
#   https://docs.haskellstack.org/en/stable/lock_files

packages:
- completed:
    hackage: ede-0.2.9@sha256:062198b65a661f015bff53c15d53d0b63eac547d44b09d96b7fb8d27752dfc79,3561
    pantry-tree:
      size: 5392
      sha256: ee8d76f8f1ca483f29233498833c7159774efc3c0cb14027703cefac79c41315
  original:
    hackage: ede-0.2.9
- completed:
    hackage: text-regex-replace-0.1.1.1@sha256:fc71a4a604e73c8fd532ed29820cff6559a606d51b73b61abd6283b30928e5a9,2005
    pantry-tree:
      size: 360
      sha256: 3428c17d8b8941c95a9ac7c9de8b74f64c8200f2ab6113ebd13a44625a70b394
  original:
    hackage: text-regex-replace-0.1.1.1
- completed:
    hackage: hindent-5.3.1@sha256:23dc3d423820a1de4a11f54eb87992f2c9fa1b686b2230bb06d1af46edc85c4b,3452
    pantry-tree:
      size: 1027
      sha256: 29ea7cff1847793ca6249158ad919f4bb7095e59067f9750f4ce7051496e03d0
  original:
    hackage: hindent-5.3.1
- completed:
    hackage: unexceptionalio-0.5.0@sha256:ad0b2d4d1f62a3e24cdb80360eea42ab3f0a0559af42aba19b5cf373378913ce,1682
    pantry-tree:
      size: 273
      sha256: f0cb02321a113b4c3f00eb680d7127a03c555edcc1e150c939db9d56251a35ad
  original:
    hackage: unexceptionalio-0.5.0
snapshots:
- completed:
    size: 524154
    url: https://raw.githubusercontent.com/commercialhaskell/stackage-snapshots/master/lts/14/20.yaml
    sha256: 2f5099f69ddb6abfe64400fe1e6a604e8e628f55e6837211cd70a81eb0a8fa4d
  original: lts-14.20
