# This file was autogenerated by Stack.
# You should not edit this file by hand.
# For more information, please see the documentation at:
#   https://docs.haskellstack.org/en/stable/lock_files

packages:
- completed:
    hackage: ede-0.3.2.0@sha256:26796d2dfa0979b6ec532dcb113196a1d63edde5553bd019f8d05b52cc966b1a,3790
    pantry-tree:
      size: 5398
      sha256: bd0dbdf4a68c9253417b8201b23c8b62c3d62dd253583e8cd6551f7d4e641961
  original:
    hackage: ede-0.3.2.0@sha256:26796d2dfa0979b6ec532dcb113196a1d63edde5553bd019f8d05b52cc966b1a,3790
- completed:
    hackage: haskell-src-exts-1.21.1@sha256:11d18ec3f463185f81b7819376b532e3087f8192cffc629aac5c9eec88897b35,4541
    pantry-tree:
      size: 95170
      sha256: 487db8defe20a7c8bdf5b4a9a68ec616a4349bdb643f2dc7c9d71e1a6495c8c7
  original:
    hackage: haskell-src-exts-1.21.1
- completed:
    hackage: text-regex-replace-0.1.1.3@sha256:e7f612df671c93ced54a3d26528db37852069884e5cb67d5afbb49d3defb5eb9,1627
    pantry-tree:
      size: 360
      sha256: 0edba698df19381c1fadb494dfd5278b35b6670bf29cab1a228f2fde9bb9ba89
  original:
    hackage: text-regex-replace-0.1.1.3@sha256:e7f612df671c93ced54a3d26528db37852069884e5cb67d5afbb49d3defb5eb9,1627
- completed:
    hackage: prettyprinter-1.7.0@sha256:6a9569e21fa61163a7f066d23d701e23e917893e8f39733d6e617ec72787ae5f,6007
    pantry-tree:
      size: 3194
      sha256: d22f820a1f63497f7fd7e1f04b7d356d92de35582258f6ad55428c88b09e63ff
  original:
    hackage: prettyprinter-1.7.0
snapshots:
- completed:
    size: 534126
    url: https://raw.githubusercontent.com/commercialhaskell/stackage-snapshots/master/lts/16/31.yaml
    sha256: 637fb77049b25560622a224845b7acfe81a09fdb6a96a3c75997a10b651667f6
  original: lts-16.31
