# This file was autogenerated by Stack.
# You should not edit this file by hand.
# For more information, please see the documentation at:
#   https://docs.haskellstack.org/en/stable/lock_files

packages:
- completed:
    hackage: brittany-0.13.1.0@sha256:5a48f13633fe5247d3b28f171b019f181f347f604436cbb6093cc552fde83663,8197
    pantry-tree:
      size: 4844
      sha256: 448db04136f5810f18d5ce105b4aba5527b1b7827296863c227449562ebb8e31
  original:
    hackage: brittany-0.13.1.0@sha256:5a48f13633fe5247d3b28f171b019f181f347f604436cbb6093cc552fde83663,8197
- completed:
    hackage: data-tree-print-0.1.0.2@sha256:d845e99f322df70e0c06d6743bf80336f5918d5423498528beb0593a2afc1703,1620
    pantry-tree:
      size: 272
      sha256: b8778eb1b16fddb91b2eed2b25f33a89d1e4f7a533160de4ccbf226f82456135
  original:
    hackage: data-tree-print-0.1.0.2@sha256:d845e99f322df70e0c06d6743bf80336f5918d5423498528beb0593a2afc1703,1620
- completed:
    hackage: ede-0.3.2.0@sha256:26796d2dfa0979b6ec532dcb113196a1d63edde5553bd019f8d05b52cc966b1a,3790
    pantry-tree:
      size: 5398
      sha256: bd0dbdf4a68c9253417b8201b23c8b62c3d62dd253583e8cd6551f7d4e641961
  original:
    hackage: ede-0.3.2.0@sha256:26796d2dfa0979b6ec532dcb113196a1d63edde5553bd019f8d05b52cc966b1a,3790
- completed:
    hackage: haskell-src-exts-1.21.1@sha256:11d18ec3f463185f81b7819376b532e3087f8192cffc629aac5c9eec88897b35,4541
    pantry-tree:
      size: 95170
      sha256: 487db8defe20a7c8bdf5b4a9a68ec616a4349bdb643f2dc7c9d71e1a6495c8c7
  original:
    hackage: haskell-src-exts-1.21.1@sha256:11d18ec3f463185f81b7819376b532e3087f8192cffc629aac5c9eec88897b35,4541
snapshots:
- completed:
    size: 563103
    url: https://raw.githubusercontent.com/commercialhaskell/stackage-snapshots/master/lts/17/4.yaml
    sha256: f11e2153044f5f71ea7b1c9398f4721f517c9bd37642ed769647b896564021f3
  original: lts-17.4
